
Microsoft Visual Studio Solution File, Format Version 12.00
# Visual Studio 15
VisualStudioVersion = 15.0.28010.2026
MinimumVisualStudioVersion = 10.0.40219.1
Project("{FAE04EC0-301F-11D3-BF4B-00C04F79EFBC}") = "ASyncClient", "ASyncClient\ASyncClient.csproj", "{DB334EB7-B922-49AA-A57B-31EFE140F64E}"
EndProject
Global
	GlobalSection(SolutionConfigurationPlatforms) = preSolution
		Debug|Any CPU = Debug|Any CPU
		Release|Any CPU = Release|Any CPU
	EndGlobalSection
	GlobalSection(ProjectConfigurationPlatforms) = postSolution
		{DB334EB7-B922-49AA-A57B-31EFE140F64E}.Debug|Any CPU.ActiveCfg = Debug|Any CPU
		{DB334EB7-B922-49AA-A57B-31EFE140F64E}.Debug|Any CPU.Build.0 = Debug|Any CPU
		{DB334EB7-B922-49AA-A57B-31EFE140F64E}.Release|Any CPU.ActiveCfg = Release|Any CPU
		{DB334EB7-B922-49AA-A57B-31EFE140F64E}.Release|Any CPU.Build.0 = Release|Any CPU
	EndGlobalSection
	GlobalSection(SolutionProperties) = preSolution
		HideSolutionNode = FALSE
	EndGlobalSection
	GlobalSection(ExtensibilityGlobals) = postSolution
		SolutionGuid = {9D333030-EACA-4FB6-9CB1-7C83D75F069D}
	EndGlobalSection
EndGlobal
