
Microsoft Visual Studio Solution File, Format Version 12.00
# Visual Studio 15
VisualStudioVersion = 15.0.28010.2026
MinimumVisualStudioVersion = 10.0.40219.1
Project("{FAE04EC0-301F-11D3-BF4B-00C04F79EFBC}") = "WebService", "WebService\WebService.csproj", "{C479BBD3-9E32-40E1-AFA6-790215FC3011}"
EndProject
Global
	GlobalSection(SolutionConfigurationPlatforms) = preSolution
		Debug|Any CPU = Debug|Any CPU
		Release|Any CPU = Release|Any CPU
	EndGlobalSection
	GlobalSection(ProjectConfigurationPlatforms) = postSolution
		{C479BBD3-9E32-40E1-AFA6-790215FC3011}.Debug|Any CPU.ActiveCfg = Debug|Any CPU
		{C479BBD3-9E32-40E1-AFA6-790215FC3011}.Debug|Any CPU.Build.0 = Debug|Any CPU
		{C479BBD3-9E32-40E1-AFA6-790215FC3011}.Release|Any CPU.ActiveCfg = Release|Any CPU
		{C479BBD3-9E32-40E1-AFA6-790215FC3011}.Release|Any CPU.Build.0 = Release|Any CPU
	EndGlobalSection
	GlobalSection(SolutionProperties) = preSolution
		HideSolutionNode = FALSE
	EndGlobalSection
	GlobalSection(ExtensibilityGlobals) = postSolution
		SolutionGuid = {210151BC-131B-4361-BD74-6614944B3B00}
	EndGlobalSection
EndGlobal
